
Microsoft Visual Studio Solution File, Format Version 12.00
# Visual Studio 15
VisualStudioVersion = 15.0.28010.2050
MinimumVisualStudioVersion = 10.0.40219.1
Project("{FAE04EC0-301F-11D3-BF4B-00C04F79EFBC}") = "TPWEB-Residual", "TPWEB-Residual\TPWEB-Residual.csproj", "{9C9C43B7-9A89-46A0-B585-D73245345590}"
EndProject
Global
	GlobalSection(SolutionConfigurationPlatforms) = preSolution
		Debug|Any CPU = Debug|Any CPU
		Release|Any CPU = Release|Any CPU
	EndGlobalSection
	GlobalSection(ProjectConfigurationPlatforms) = postSolution
		{9C9C43B7-9A89-46A0-B585-D73245345590}.Debug|Any CPU.ActiveCfg = Debug|Any CPU
		{9C9C43B7-9A89-46A0-B585-D73245345590}.Debug|Any CPU.Build.0 = Debug|Any CPU
		{9C9C43B7-9A89-46A0-B585-D73245345590}.Release|Any CPU.ActiveCfg = Release|Any CPU
		{9C9C43B7-9A89-46A0-B585-D73245345590}.Release|Any CPU.Build.0 = Release|Any CPU
	EndGlobalSection
	GlobalSection(SolutionProperties) = preSolution
		HideSolutionNode = FALSE
	EndGlobalSection
	GlobalSection(ExtensibilityGlobals) = postSolution
		SolutionGuid = {2E3BBC90-4568-42D7-9FA1-5E10F0A6D978}
	EndGlobalSection
EndGlobal
